{
  "name": "MemorialDay-Uniapp",
  "lockfileVersion": 3,
  "requires": true,
  "packages": {
    "": {
      "dependencies": {
        "@vant/weapp": "^1.10.24",
        "uview-ui": "^2.0.37"
      }
    },
    "node_modules/@vant/weapp": {
      "version": "1.10.24",
      "resolved": "https://registry.npmjs.org/@vant/weapp/-/weapp-1.10.24.tgz",
      "integrity": "sha512-oovAaaJq3mlB+wto5bHVCn/rov8IgRDg+gJXy6hPX0A3c9WF1GqLqSmoXyaktgidJ9IaV1RADd3PAFlw4lUsnQ=="
    },
    "node_modules/uview-ui": {
      "version": "2.0.37",
      "resolved": "https://registry.npmmirror.com/uview-ui/-/uview-ui-2.0.37.tgz",
      "integrity": "sha512-iBcWNmQa01Wr+z004G6XIVPDctOrJIAx7LObQceUAPxZh6kJYjIOAMp5JE1K4VpoMV5bKYDpCd0gmX+M4nTEQQ==",
      "engines": {
        "HBuilderX": "^3.1.0"
      }
    }
  }
}
